// !$*UTF8*$!
{
	archiveVersion = 1;
	classes = {
	};
	objectVersion = 46;
	objects = {

/* Begin PBXBuildFile section */
		C02916C91D61581B00944DFF /* AppDelegate.swift in Sources */ = {isa = PBXBuildFile; fileRef = C02916C81D61581B00944DFF /* AppDelegate.swift */; };
		C02916CB1D61581B00944DFF /* ViewController.swift in Sources */ = {isa = PBXBuildFile; fileRef = C02916CA1D61581B00944DFF /* ViewController.swift */; };
		C02916CE1D61581B00944DFF /* Main.storyboard in Resources */ = {isa = PBXBuildFile; fileRef = C02916CC1D61581B00944DFF /* Main.storyboard */; };
		C02916D01D61581B00944DFF /* Assets.xcassets in Resources */ = {isa = PBXBuildFile; fileRef = C02916CF1D61581B00944DFF /* Assets.xcassets */; };
		C02916D31D61581B00944DFF /* LaunchScreen.storyboard in Resources */ = {isa = PBXBuildFile; fileRef = C02916D11D61581B00944DFF /* LaunchScreen.storyboard */; };
		C02916DE1D61581B00944DFF /* SlideMenuDemoTests.swift in Sources */ = {isa = PBXBuildFile; fileRef = C02916DD1D61581B00944DFF /* SlideMenuDemoTests.swift */; };
		C02916E91D61581B00944DFF /* SlideMenuDemoUITests.swift in Sources */ = {isa = PBXBuildFile; fileRef = C02916E81D61581B00944DFF /* SlideMenuDemoUITests.swift */; };
/* End PBXBuildFile section */

/* Begin PBXContainerItemProxy section */
		C02916DA1D61581B00944DFF /* PBXContainerItemProxy */ = {
			isa = PBXContainerItemProxy;
			containerPortal = C02916BD1D61581B00944DFF /* Project object */;
			proxyType = 1;
			remoteGlobalIDString = C02916C41D61581B00944DFF;
			remoteInfo = SlideMenuDemo;
		};
		C02916E51D61581B00944DFF /* PBXContainerItemProxy */ = {
			isa = PBXContainerItemProxy;
			containerPortal = C02916BD1D61581B00944DFF /* Project object */;
			proxyType = 1;
			remoteGlobalIDString = C02916C41D61581B00944DFF;
			remoteInfo = SlideMenuDemo;
		};
/* End PBXContainerItemProxy section */

/* Begin PBXFileReference section */
		C02916C51D61581B00944DFF /* SlideMenuDemo.app */ = {isa = PBXFileReference; explicitFileType = wrapper.application; includeInIndex = 0; path = SlideMenuDemo.app; sourceTree = BUILT_PRODUCTS_DIR; };
		C02916C81D61581B00944DFF /* AppDelegate.swift */ = {isa = PBXFileReference; lastKnownFileType = sourcecode.swift; path = AppDelegate.swift; sourceTree = "<group>"; };
		C02916CA1D61581B00944DFF /* ViewController.swift */ = {isa = PBXFileReference; lastKnownFileType = sourcecode.swift; path = ViewController.swift; sourceTree = "<group>"; };
		C02916CD1D61581B00944DFF /* Base */ = {isa = PBXFileReference; lastKnownFileType = file.storyboard; name = Base; path = Base.lproj/Main.storyboard; sourceTree = "<group>"; };
		C02916CF1D61581B00944DFF /* Assets.xcassets */ = {isa = PBXFileReference; lastKnownFileType = folder.assetcatalog; path = Assets.xcassets; sourceTree = "<group>"; };
		C02916D21D61581B00944DFF /* Base */ = {isa = PBXFileReference; lastKnownFileType = file.storyboard; name = Base; path = Base.lproj/LaunchScreen.storyboard; sourceTree = "<group>"; };
		C02916D41D61581B00944DFF /* Info.plist */ = {isa = PBXFileReference; lastKnownFileType = text.plist.xml; path = Info.plist; sourceTree = "<group>"; };
		C02916D91D61581B00944DFF /* SlideMenuDemoTests.xctest */ = {isa = PBXFileReference; explicitFileType = wrapper.cfbundle; includeInIndex = 0; path = SlideMenuDemoTests.xctest; sourceTree = BUILT_PRODUCTS_DIR; };
		C02916DD1D61581B00944DFF /* SlideMenuDemoTests.swift */ = {isa = PBXFileReference; lastKnownFileType = sourcecode.swift; path = SlideMenuDemoTests.swift; sourceTree = "<group>"; };
		C02916DF1D61581B00944DFF /* Info.plist */ = {isa = PBXFileReference; lastKnownFileType = text.plist.xml; path = Info.plist; sourceTree = "<group>"; };
		C02916E41D61581B00944DFF /* SlideMenuDemoUITests.xctest */ = {isa = PBXFileReference; explicitFileType = wrapper.cfbundle; includeInIndex = 0; path = SlideMenuDemoUITests.xctest; sourceTree = BUILT_PRODUCTS_DIR; };
		C02916E81D61581B00944DFF /* SlideMenuDemoUITests.swift */ = {isa = PBXFileReference; lastKnownFileType = sourcecode.swift; path = SlideMenuDemoUITests.swift; sourceTree = "<group>"; };
		C02916EA1D61581B00944DFF /* Info.plist */ = {isa = PBXFileReference; lastKnownFileType = text.plist.xml; path = Info.plist; sourceTree = "<group>"; };
/* End PBXFileReference section */

/* Begin PBXFrameworksBuildPhase section */
		C02916C21D61581B00944DFF /* Frameworks */ = {
			isa = PBXFrameworksBuildPhase;
			buildActionMask = 2147483647;
			files = (
			);
			runOnlyForDeploymentPostprocessing = 0;
		};
		C02916D61D61581B00944DFF /* Frameworks */ = {
			isa = PBXFrameworksBuildPhase;
			buildActionMask = 2147483647;
			files = (
			);
			runOnlyForDeploymentPostprocessing = 0;
		};
		C02916E11D61581B00944DFF /* Frameworks */ = {
			isa = PBXFrameworksBuildPhase;
			buildActionMask = 2147483647;
			files = (
			);
			runOnlyForDeploymentPostprocessing = 0;
		};
/* End PBXFrameworksBuildPhase section */

/* Begin PBXGroup section */
		C02916BC1D61581B00944DFF = {
			isa = PBXGroup;
			children = (
				C02916C71D61581B00944DFF /* SlideMenuDemo */,
				C02916DC1D61581B00944DFF /* SlideMenuDemoTests */,
				C02916E71D61581B00944DFF /* SlideMenuDemoUITests */,
				C02916C61D61581B00944DFF /* Products */,
			);
			sourceTree = "<group>";
		};
		C02916C61D61581B00944DFF /* Products */ = {
			isa = PBXGroup;
			children = (
				C02916C51D61581B00944DFF /* SlideMenuDemo.app */,
				C02916D91D61581B00944DFF /* SlideMenuDemoTests.xctest */,
				C02916E41D61581B00944DFF /* SlideMenuDemoUITests.xctest */,
			);
			name = Products;
			sourceTree = "<group>";
		};
		C02916C71D61581B00944DFF /* SlideMenuDemo */ = {
			isa = PBXGroup;
			children = (
				C02916C81D61581B00944DFF /* AppDelegate.swift */,
				C02916CA1D61581B00944DFF /* ViewController.swift */,
				C02916CC1D61581B00944DFF /* Main.storyboard */,
				C02916CF1D61581B00944DFF /* Assets.xcassets */,
				C02916D11D61581B00944DFF /* LaunchScreen.storyboard */,
				C02916D41D61581B00944DFF /* Info.plist */,
			);
			path = SlideMenuDemo;
			sourceTree = "<group>";
		};
		C02916DC1D61581B00944DFF /* SlideMenuDemoTests */ = {
			isa = PBXGroup;
			children = (
				C02916DD1D61581B00944DFF /* SlideMenuDemoTests.swift */,
				C02916DF1D61581B00944DFF /* Info.plist */,
			);
			path = SlideMenuDemoTests;
			sourceTree = "<group>";
		};
		C02916E71D61581B00944DFF /* SlideMenuDemoUITests */ = {
			isa = PBXGroup;
			children = (
				C02916E81D61581B00944DFF /* SlideMenuDemoUITests.swift */,
				C02916EA1D61581B00944DFF /* Info.plist */,
			);
			path = SlideMenuDemoUITests;
			sourceTree = "<group>";
		};
/* End PBXGroup section */

/* Begin PBXNativeTarget section */
		C02916C41D61581B00944DFF /* SlideMenuDemo */ = {
			isa = PBXNativeTarget;
			buildConfigurationList = C02916ED1D61581B00944DFF /* Build configuration list for PBXNativeTarget "SlideMenuDemo" */;
			buildPhases = (
				C02916C11D61581B00944DFF /* Sources */,
				C02916C21D61581B00944DFF /* Frameworks */,
				C02916C31D61581B00944DFF /* Resources */,
			);
			buildRules = (
			);
			dependencies = (
			);
			name = SlideMenuDemo;
			productName = SlideMenuDemo;
			productReference = C02916C51D61581B00944DFF /* SlideMenuDemo.app */;
			productType = "com.apple.product-type.application";
		};
		C02916D81D61581B00944DFF /* SlideMenuDemoTests */ = {
			isa = PBXNativeTarget;
			buildConfigurationList = C02916F01D61581B00944DFF /* Build configuration list for PBXNativeTarget "SlideMenuDemoTests" */;
			buildPhases = (
				C02916D51D61581B00944DFF /* Sources */,
				C02916D61D61581B00944DFF /* Frameworks */,
				C02916D71D61581B00944DFF /* Resources */,
			);
			buildRules = (
			);
			dependencies = (
				C02916DB1D61581B00944DFF /* PBXTargetDependency */,
			);
			name = SlideMenuDemoTests;
			productName = SlideMenuDemoTests;
			productReference = C02916D91D61581B00944DFF /* SlideMenuDemoTests.xctest */;
			productType = "com.apple.product-type.bundle.unit-test";
		};
		C02916E31D61581B00944DFF /* SlideMenuDemoUITests */ = {
			isa = PBXNativeTarget;
			buildConfigurationList = C02916F31D61581B00944DFF /* Build configuration list for PBXNativeTarget "SlideMenuDemoUITests" */;
			buildPhases = (
				C02916E01D61581B00944DFF /* Sources */,
				C02916E11D61581B00944DFF /* Frameworks */,
				C02916E21D61581B00944DFF /* Resources */,
			);
			buildRules = (
			);
			dependencies = (
				C02916E61D61581B00944DFF /* PBXTargetDependency */,
			);
			name = SlideMenuDemoUITests;
			productName = SlideMenuDemoUITests;
			productReference = C02916E41D61581B00944DFF /* SlideMenuDemoUITests.xctest */;
			productType = "com.apple.product-type.bundle.ui-testing";
		};
/* End PBXNativeTarget section */

/* Begin PBXProject section */
		C02916BD1D61581B00944DFF /* Project object */ = {
			isa = PBXProject;
			attributes = {
				LastSwiftUpdateCheck = 0730;
				LastUpgradeCheck = 0730;
				ORGANIZATIONNAME = Geetion;
				TargetAttributes = {
					C02916C41D61581B00944DFF = {
						CreatedOnToolsVersion = 7.3.1;
					};
					C02916D81D61581B00944DFF = {
						CreatedOnToolsVersion = 7.3.1;
						TestTargetID = C02916C41D61581B00944DFF;
					};
					C02916E31D61581B00944DFF = {
						CreatedOnToolsVersion = 7.3.1;
						TestTargetID = C02916C41D61581B00944DFF;
					};
				};
			};
			buildConfigurationList = C02916C01D61581B00944DFF /* Build configuration list for PBXProject "SlideMenuDemo" */;
			compatibilityVersion = "Xcode 3.2";
			developmentRegion = English;
			hasScannedForEncodings = 0;
			knownRegions = (
				en,
				Base,
			);
			mainGroup = C02916BC1D61581B00944DFF;
			productRefGroup = C02916C61D61581B00944DFF /* Products */;
			projectDirPath = "";
			projectRoot = "";
			targets = (
				C02916C41D61581B00944DFF /* SlideMenuDemo */,
				C02916D81D61581B00944DFF /* SlideMenuDemoTests */,
				C02916E31D61581B00944DFF /* SlideMenuDemoUITests */,
			);
		};
/* End PBXProject section */

/* Begin PBXResourcesBuildPhase section */
		C02916C31D61581B00944DFF /* Resources */ = {
			isa = PBXResourcesBuildPhase;
			buildActionMask = 2147483647;
			files = (
				C02916D31D61581B00944DFF /* LaunchScreen.storyboard in Resources */,
				C02916D01D61581B00944DFF /* Assets.xcassets in Resources */,
				C02916CE1D61581B00944DFF /* Main.storyboard in Resources */,
			);
			runOnlyForDeploymentPostprocessing = 0;
		};
		C02916D71D61581B00944DFF /* Resources */ = {
			isa = PBXResourcesBuildPhase;
			buildActionMask = 2147483647;
			files = (
			);
			runOnlyForDeploymentPostprocessing = 0;
		};
		C02916E21D61581B00944DFF /* Resources */ = {
			isa = PBXResourcesBuildPhase;
			buildActionMask = 2147483647;
			files = (
			);
			runOnlyForDeploymentPostprocessing = 0;
		};
/* End PBXResourcesBuildPhase section */

/* Begin PBXSourcesBuildPhase section */
		C02916C11D61581B00944DFF /* Sources */ = {
			isa = PBXSourcesBuildPhase;
			buildActionMask = 2147483647;
			files = (
				C02916CB1D61581B00944DFF /* ViewController.swift in Sources */,
				C02916C91D61581B00944DFF /* AppDelegate.swift in Sources */,
			);
			runOnlyForDeploymentPostprocessing = 0;
		};
		C02916D51D61581B00944DFF /* Sources */ = {
			isa = PBXSourcesBuildPhase;
			buildActionMask = 2147483647;
			files = (
				C02916DE1D61581B00944DFF /* SlideMenuDemoTests.swift in Sources */,
			);
			runOnlyForDeploymentPostprocessing = 0;
		};
		C02916E01D61581B00944DFF /* Sources */ = {
			isa = PBXSourcesBuildPhase;
			buildActionMask = 2147483647;
			files = (
				C02916E91D61581B00944DFF /* SlideMenuDemoUITests.swift in Sources */,
			);
			runOnlyForDeploymentPostprocessing = 0;
		};
/* End PBXSourcesBuildPhase section */

/* Begin PBXTargetDependency section */
		C02916DB1D61581B00944DFF /* PBXTargetDependency */ = {
			isa = PBXTargetDependency;
			target = C02916C41D61581B00944DFF /* SlideMenuDemo */;
			targetProxy = C02916DA1D61581B00944DFF /* PBXContainerItemProxy */;
		};
		C02916E61D61581B00944DFF /* PBXTargetDependency */ = {
			isa = PBXTargetDependency;
			target = C02916C41D61581B00944DFF /* SlideMenuDemo */;
			targetProxy = C02916E51D61581B00944DFF /* PBXContainerItemProxy */;
		};
/* End PBXTargetDependency section */

/* Begin PBXVariantGroup section */
		C02916CC1D61581B00944DFF /* Main.storyboard */ = {
			isa = PBXVariantGroup;
			children = (
				C02916CD1D61581B00944DFF /* Base */,
			);
			name = Main.storyboard;
			sourceTree = "<group>";
		};
		C02916D11D61581B00944DFF /* LaunchScreen.storyboard */ = {
			isa = PBXVariantGroup;
			children = (
				C02916D21D61581B00944DFF /* Base */,
			);
			name = LaunchScreen.storyboard;
			sourceTree = "<group>";
		};
/* End PBXVariantGroup section */

/* Begin XCBuildConfiguration section */
		C02916EB1D61581B00944DFF /* Debug */ = {
			isa = XCBuildConfiguration;
			buildSettings = {
				ALWAYS_SEARCH_USER_PATHS = NO;
				CLANG_ANALYZER_NONNULL = YES;
				CLANG_CXX_LANGUAGE_STANDARD = "gnu++0x";
				CLANG_CXX_LIBRARY = "libc++";
				CLANG_ENABLE_MODULES = YES;
				CLANG_ENABLE_OBJC_ARC = YES;
				CLANG_WARN_BOOL_CONVERSION = YES;
				CLANG_WARN_CONSTANT_CONVERSION = YES;
				CLANG_WARN_DIRECT_OBJC_ISA_USAGE = YES_ERROR;
				CLANG_WARN_EMPTY_BODY = YES;
				CLANG_WARN_ENUM_CONVERSION = YES;
				CLANG_WARN_INT_CONVERSION = YES;
				CLANG_WARN_OBJC_ROOT_CLASS = YES_ERROR;
				CLANG_WARN_UNREACHABLE_CODE = YES;
				CLANG_WARN__DUPLICATE_METHOD_MATCH = YES;
				"CODE_SIGN_IDENTITY[sdk=iphoneos*]" = "iPhone Developer";
				COPY_PHASE_STRIP = NO;
				DEBUG_INFORMATION_FORMAT = dwarf;
				ENABLE_STRICT_OBJC_MSGSEND = YES;
				ENABLE_TESTABILITY = YES;
				GCC_C_LANGUAGE_STANDARD = gnu99;
				GCC_DYNAMIC_NO_PIC = NO;
				GCC_NO_COMMON_BLOCKS = YES;
				GCC_OPTIMIZATION_LEVEL = 0;
				GCC_PREPROCESSOR_DEFINITIONS = (
					"DEBUG=1",
					"$(inherited)",
				);
				GCC_WARN_64_TO_32_BIT_CONVERSION = YES;
				GCC_WARN_ABOUT_RETURN_TYPE = YES_ERROR;
				GCC_WARN_UNDECLARED_SELECTOR = YES;
				GCC_WARN_UNINITIALIZED_AUTOS = YES_AGGRESSIVE;
				GCC_WARN_UNUSED_FUNCTION = YES;
				GCC_WARN_UNUSED_VARIABLE = YES;
				IPHONEOS_DEPLOYMENT_TARGET = 9.3;
				MTL_ENABLE_DEBUG_INFO = YES;
				ONLY_ACTIVE_ARCH = YES;
				SDKROOT = iphoneos;
				SWIFT_OPTIMIZATION_LEVEL = "-Onone";
				TARGETED_DEVICE_FAMILY = "1,2";
			};
			name = Debug;
		};
		C02916EC1D61581B00944DFF /* Release */ = {
			isa = XCBuildConfiguration;
			buildSettings = {
				ALWAYS_SEARCH_USER_PATHS = NO;
				CLANG_ANALYZER_NONNULL = YES;
				CLANG_CXX_LANGUAGE_STANDARD = "gnu++0x";
				CLANG_CXX_LIBRARY = "libc++";
				CLANG_ENABLE_MODULES = YES;
				CLANG_ENABLE_OBJC_ARC = YES;
				CLANG_WARN_BOOL_CONVERSION = YES;
				CLANG_WARN_CONSTANT_CONVERSION = YES;
				CLANG_WARN_DIRECT_OBJC_ISA_USAGE = YES_ERROR;
				CLANG_WARN_EMPTY_BODY = YES;
				CLANG_WARN_ENUM_CONVERSION = YES;
				CLANG_WARN_INT_CONVERSION = YES;
				CLANG_WARN_OBJC_ROOT_CLASS = YES_ERROR;
				CLANG_WARN_UNREACHABLE_CODE = YES;
				CLANG_WARN__DUPLICATE_METHOD_MATCH = YES;
				"CODE_SIGN_IDENTITY[sdk=iphoneos*]" = "iPhone Developer";
				COPY_PHASE_STRIP = NO;
				DEBUG_INFORMATION_FORMAT = "dwarf-with-dsym";
				ENABLE_NS_ASSERTIONS = NO;
				ENABLE_STRICT_OBJC_MSGSEND = YES;
				GCC_C_LANGUAGE_STANDARD = gnu99;
				GCC_NO_COMMON_BLOCKS = YES;
				GCC_WARN_64_TO_32_BIT_CONVERSION = YES;
				GCC_WARN_ABOUT_RETURN_TYPE = YES_ERROR;
				GCC_WARN_UNDECLARED_SELECTOR = YES;
				GCC_WARN_UNINITIALIZED_AUTOS = YES_AGGRESSIVE;
				GCC_WARN_UNUSED_FUNCTION = YES;
				GCC_WARN_UNUSED_VARIABLE = YES;
				IPHONEOS_DEPLOYMENT_TARGET = 9.3;
				MTL_ENABLE_DEBUG_INFO = NO;
				SDKROOT = iphoneos;
				TARGETED_DEVICE_FAMILY = "1,2";
				VALIDATE_PRODUCT = YES;
			};
			name = Release;
		};
		C02916EE1D61581B00944DFF /* Debug */ = {
			isa = XCBuildConfiguration;
			buildSettings = {
				ASSETCATALOG_COMPILER_APPICON_NAME = AppIcon;
				INFOPLIST_FILE = SlideMenuDemo/Info.plist;
				LD_RUNPATH_SEARCH_PATHS = "$(inherited) @executable_path/Frameworks";
				PRODUCT_BUNDLE_IDENTIFIER = geetion.SlideMenuDemo;
				PRODUCT_NAME = "$(TARGET_NAME)";
			};
			name = Debug;
		};
		C02916EF1D61581B00944DFF /* Release */ = {
			isa = XCBuildConfiguration;
			buildSettings = {
				ASSETCATALOG_COMPILER_APPICON_NAME = AppIcon;
				INFOPLIST_FILE = SlideMenuDemo/Info.plist;
				LD_RUNPATH_SEARCH_PATHS = "$(inherited) @executable_path/Frameworks";
				PRODUCT_BUNDLE_IDENTIFIER = geetion.SlideMenuDemo;
				PRODUCT_NAME = "$(TARGET_NAME)";
			};
			name = Release;
		};
		C02916F11D61581B00944DFF /* Debug */ = {
			isa = XCBuildConfiguration;
			buildSettings = {
				BUNDLE_LOADER = "$(TEST_HOST)";
				INFOPLIST_FILE = SlideMenuDemoTests/Info.plist;
				LD_RUNPATH_SEARCH_PATHS = "$(inherited) @executable_path/Frameworks @loader_path/Frameworks";
				PRODUCT_BUNDLE_IDENTIFIER = geetion.SlideMenuDemoTests;
				PRODUCT_NAME = "$(TARGET_NAME)";
				TEST_HOST = "$(BUILT_PRODUCTS_DIR)/SlideMenuDemo.app/SlideMenuDemo";
			};
			name = Debug;
		};
		C02916F21D61581B00944DFF /* Release */ = {
			isa = XCBuildConfiguration;
			buildSettings = {
				BUNDLE_LOADER = "$(TEST_HOST)";
				INFOPLIST_FILE = SlideMenuDemoTests/Info.plist;
				LD_RUNPATH_SEARCH_PATHS = "$(inherited) @executable_path/Frameworks @loader_path/Frameworks";
				PRODUCT_BUNDLE_IDENTIFIER = geetion.SlideMenuDemoTests;
				PRODUCT_NAME = "$(TARGET_NAME)";
				TEST_HOST = "$(BUILT_PRODUCTS_DIR)/SlideMenuDemo.app/SlideMenuDemo";
			};
			name = Release;
		};
		C02916F41D61581B00944DFF /* Debug */ = {
			isa = XCBuildConfiguration;
			buildSettings = {
				INFOPLIST_FILE = SlideMenuDemoUITests/Info.plist;
				LD_RUNPATH_SEARCH_PATHS = "$(inherited) @executable_path/Frameworks @loader_path/Frameworks";
				PRODUCT_BUNDLE_IDENTIFIER = geetion.SlideMenuDemoUITests;
				PRODUCT_NAME = "$(TARGET_NAME)";
				TEST_TARGET_NAME = SlideMenuDemo;
			};
			name = Debug;
		};
		C02916F51D61581B00944DFF /* Release */ = {
			isa = XCBuildConfiguration;
			buildSettings = {
				INFOPLIST_FILE = SlideMenuDemoUITests/Info.plist;
				LD_RUNPATH_SEARCH_PATHS = "$(inherited) @executable_path/Frameworks @loader_path/Frameworks";
				PRODUCT_BUNDLE_IDENTIFIER = geetion.SlideMenuDemoUITests;
				PRODUCT_NAME = "$(TARGET_NAME)";
				TEST_TARGET_NAME = SlideMenuDemo;
			};
			name = Release;
		};
/* End XCBuildConfiguration section */

/* Begin XCConfigurationList section */
		C02916C01D61581B00944DFF /* Build configuration list for PBXProject "SlideMenuDemo" */ = {
			isa = XCConfigurationList;
			buildConfigurations = (
				C02916EB1D61581B00944DFF /* Debug */,
				C02916EC1D61581B00944DFF /* Release */,
			);
			defaultConfigurationIsVisible = 0;
			defaultConfigurationName = Release;
		};
		C02916ED1D61581B00944DFF /* Build configuration list for PBXNativeTarget "SlideMenuDemo" */ = {
			isa = XCConfigurationList;
			buildConfigurations = (
				C02916EE1D61581B00944DFF /* Debug */,
				C02916EF1D61581B00944DFF /* Release */,
			);
			defaultConfigurationIsVisible = 0;
		};
		C02916F01D61581B00944DFF /* Build configuration list for PBXNativeTarget "SlideMenuDemoTests" */ = {
			isa = XCConfigurationList;
			buildConfigurations = (
				C02916F11D61581B00944DFF /* Debug */,
				C02916F21D61581B00944DFF /* Release */,
			);
			defaultConfigurationIsVisible = 0;
		};
		C02916F31D61581B00944DFF /* Build configuration list for PBXNativeTarget "SlideMenuDemoUITests" */ = {
			isa = XCConfigurationList;
			buildConfigurations = (
				C02916F41D61581B00944DFF /* Debug */,
				C02916F51D61581B00944DFF /* Release */,
			);
			defaultConfigurationIsVisible = 0;
		};
/* End XCConfigurationList section */
	};
	rootObject = C02916BD1D61581B00944DFF /* Project object */;
}
